
Microsoft Visual Studio Solution File, Format Version 12.00
# Visual Studio Version 17
VisualStudioVersion = 17.11.35312.102
MinimumVisualStudioVersion = 10.0.40219.1
Project("{FAE04EC0-301F-11D3-BF4B-00C04F79EFBC}") = "BusinessApplication", "BusinessApplication\BusinessApplication.csproj", "{16682F10-6AC8-46B3-BC15-514079D48DB9}"
EndProject
Project("{FAE04EC0-301F-11D3-BF4B-00C04F79EFBC}") = "BusinessApplication.Tests", "BusinessApplication.Tests\BusinessApplication.Tests.csproj", "{B2A4D8F4-1969-4FC0-92C1-210CF4A09581}"
EndProject
Global
	GlobalSection(SolutionConfigurationPlatforms) = preSolution
		Debug|Any CPU = Debug|Any CPU
		Debug|x64 = Debug|x64
		Debug|x86 = Debug|x86
		Release|Any CPU = Release|Any CPU
		Release|x64 = Release|x64
		Release|x86 = Release|x86
	EndGlobalSection
	GlobalSection(ProjectConfigurationPlatforms) = postSolution
		{16682F10-6AC8-46B3-BC15-514079D48DB9}.Debug|Any CPU.ActiveCfg = Debug|Any CPU
		{16682F10-6AC8-46B3-BC15-514079D48DB9}.Debug|Any CPU.Build.0 = Debug|Any CPU
		{16682F10-6AC8-46B3-BC15-514079D48DB9}.Debug|x64.ActiveCfg = Debug|Any CPU
		{16682F10-6AC8-46B3-BC15-514079D48DB9}.Debug|x64.Build.0 = Debug|Any CPU
		{16682F10-6AC8-46B3-BC15-514079D48DB9}.Debug|x86.ActiveCfg = Debug|Any CPU
		{16682F10-6AC8-46B3-BC15-514079D48DB9}.Debug|x86.Build.0 = Debug|Any CPU
		{16682F10-6AC8-46B3-BC15-514079D48DB9}.Release|Any CPU.ActiveCfg = Release|Any CPU
		{16682F10-6AC8-46B3-BC15-514079D48DB9}.Release|Any CPU.Build.0 = Release|Any CPU
		{16682F10-6AC8-46B3-BC15-514079D48DB9}.Release|x64.ActiveCfg = Release|Any CPU
		{16682F10-6AC8-46B3-BC15-514079D48DB9}.Release|x64.Build.0 = Release|Any CPU
		{16682F10-6AC8-46B3-BC15-514079D48DB9}.Release|x86.ActiveCfg = Release|Any CPU
		{16682F10-6AC8-46B3-BC15-514079D48DB9}.Release|x86.Build.0 = Release|Any CPU
		{B2A4D8F4-1969-4FC0-92C1-210CF4A09581}.Debug|Any CPU.ActiveCfg = Debug|Any CPU
		{B2A4D8F4-1969-4FC0-92C1-210CF4A09581}.Debug|Any CPU.Build.0 = Debug|Any CPU
		{B2A4D8F4-1969-4FC0-92C1-210CF4A09581}.Debug|x64.ActiveCfg = Debug|Any CPU
		{B2A4D8F4-1969-4FC0-92C1-210CF4A09581}.Debug|x64.Build.0 = Debug|Any CPU
		{B2A4D8F4-1969-4FC0-92C1-210CF4A09581}.Debug|x86.ActiveCfg = Debug|Any CPU
		{B2A4D8F4-1969-4FC0-92C1-210CF4A09581}.Debug|x86.Build.0 = Debug|Any CPU
		{B2A4D8F4-1969-4FC0-92C1-210CF4A09581}.Release|Any CPU.ActiveCfg = Release|Any CPU
		{B2A4D8F4-1969-4FC0-92C1-210CF4A09581}.Release|Any CPU.Build.0 = Release|Any CPU
		{B2A4D8F4-1969-4FC0-92C1-210CF4A09581}.Release|x64.ActiveCfg = Release|Any CPU
		{B2A4D8F4-1969-4FC0-92C1-210CF4A09581}.Release|x64.Build.0 = Release|Any CPU
		{B2A4D8F4-1969-4FC0-92C1-210CF4A09581}.Release|x86.ActiveCfg = Release|Any CPU
		{B2A4D8F4-1969-4FC0-92C1-210CF4A09581}.Release|x86.Build.0 = Release|Any CPU
	EndGlobalSection
	GlobalSection(SolutionProperties) = preSolution
		HideSolutionNode = FALSE
	EndGlobalSection
	GlobalSection(ExtensibilityGlobals) = postSolution
		SolutionGuid = {A2C12619-396D-43A5-99F1-EF902B6E7C93}
	EndGlobalSection
EndGlobal
